
Microsoft Visual Studio Solution File, Format Version 12.00
# Visual Studio 15
VisualStudioVersion = 15.0.28307.421
MinimumVisualStudioVersion = 10.0.40219.1
Project("{FAE04EC0-301F-11D3-BF4B-00C04F79EFBC}") = "library2", "library2\library2.csproj", "{0E4356F7-511B-4C54-8CB6-E8D38D43D439}"
EndProject
Global
	GlobalSection(SolutionConfigurationPlatforms) = preSolution
		Debug|Any CPU = Debug|Any CPU
		Release|Any CPU = Release|Any CPU
	EndGlobalSection
	GlobalSection(ProjectConfigurationPlatforms) = postSolution
		{0E4356F7-511B-4C54-8CB6-E8D38D43D439}.Debug|Any CPU.ActiveCfg = Debug|Any CPU
		{0E4356F7-511B-4C54-8CB6-E8D38D43D439}.Debug|Any CPU.Build.0 = Debug|Any CPU
		{0E4356F7-511B-4C54-8CB6-E8D38D43D439}.Release|Any CPU.ActiveCfg = Release|Any CPU
		{0E4356F7-511B-4C54-8CB6-E8D38D43D439}.Release|Any CPU.Build.0 = Release|Any CPU
	EndGlobalSection
	GlobalSection(SolutionProperties) = preSolution
		HideSolutionNode = FALSE
	EndGlobalSection
	GlobalSection(ExtensibilityGlobals) = postSolution
		SolutionGuid = {CFC2EDC6-C43E-4838-89B3-E824198F4365}
	EndGlobalSection
EndGlobal
